PODS:
  - FourthlineSDK (2.5.0):
    - FourthlineSDK/Core (= 2.5.0)
    - FourthlineSDK/KYC (= 2.5.0)
    - FourthlineSDK/NFC (= 2.5.0)
    - FourthlineSDK/Vision (= 2.5.0)
  - FourthlineSDK/Core (2.5.0)
  - FourthlineSDK/KYC (2.5.0):
    - FourthlineSDK/Core
  - FourthlineSDK/NFC (2.5.0):
    - FourthlineSDK/Core
  - FourthlineSDK/Vision (2.5.0):
    - FourthlineSDK/Core
  - SwiftyTesseract (2.2.3)
  - ZIPFoundation (0.9.12)

DEPENDENCIES:
  - FourthlineSDK (= 2.5.0)
  - SwiftyTesseract (= 2.2.3)
  - ZIPFoundation

SPEC REPOS:
  https://github.com/CocoaPods/Specs:
    - SwiftyTesseract
    - ZIPFoundation
  https://github.com/Fourthline-com/FourthlineSDK-iOS-Specs.git:
    - FourthlineSDK

SPEC CHECKSUMS:
  FourthlineSDK: 5eafbf1752c2fc8b2c114d862447bcdfba744d7a
  SwiftyTesseract: d92b644e0e12d143bc272bfe1edb73ae07f2b2e8
  ZIPFoundation: e27423c004a5a1410c15933407747374e7c6cb6e

PODFILE CHECKSUM: 6f9b605a9d8d69348041a1efd4eabf15e9791716

COCOAPODS: 1.11.2
