PODS:
  - FourthlineSDK (2.15.2):
    - FourthlineSDK/Core (= 2.15.2)
    - FourthlineSDK/KYC (= 2.15.2)
    - FourthlineSDK/NFC (= 2.15.2)
    - FourthlineSDK/SDK (= 2.15.2)
    - FourthlineSDK/Vision (= 2.15.2)
  - FourthlineSDK/Core (2.15.2)
  - FourthlineSDK/KYC (2.15.2):
    - FourthlineSDK/Core
  - FourthlineSDK/NFC (2.15.2):
    - FourthlineSDK/Core
  - FourthlineSDK/SDK (2.15.2):
    - FourthlineSDK/KYC
    - FourthlineSDK/NFC
    - FourthlineSDK/Vision
  - FourthlineSDK/Vision (2.15.2):
    - FourthlineSDK/Core
  - InputMask (6.1.0)
  - lottie-ios (3.2.3)
  - ZIPFoundation (0.9.11)

DEPENDENCIES:
  - FourthlineSDK (= 2.15.2)
  - InputMask (= 6.1.0)
  - lottie-ios (= 3.2.3)
  - ZIPFoundation (= 0.9.11)

SPEC REPOS:
  https://github.com/Fourthline-com/FourthlineSDK-iOS-Specs.git:
    - FourthlineSDK
  trunk:
    - InputMask
    - lottie-ios
    - ZIPFoundation

SPEC CHECKSUMS:
  FourthlineSDK: 0782d85e036a128c220039c1d44de8c1063c68fd
  InputMask: 71d291dc54d2deaeac6512afb6ec2304228c0bb7
  lottie-ios: c058aeafa76daa4cf64d773554bccc8385d0150e
  ZIPFoundation: b1f0de4eed33e74a676f76e12559ab6b75990197

PODFILE CHECKSUM: 6163864ec33c1fb1c40de41a7ccce43d3831bbc4

COCOAPODS: 1.11.3
